// !$*UTF8*$!
{
	archiveVersion = 1;
	classes = {
	};
	objectVersion = 46;
	objects = {

/* Begin PBXBuildFile section */
		942F23441ED06BE5007EB08E /* ModelStructure.swift in Sources */ = {isa = PBXBuildFile; fileRef = 942F23431ED06BE5007EB08E /* ModelStructure.swift */; };
		94632B321ECE2680003D4A74 /* Notifications.swift in Sources */ = {isa = PBXBuildFile; fileRef = 94632B311ECE2680003D4A74 /* Notifications.swift */; };
		949149E91EC42A23002B5D00 /* AppDelegate.swift in Sources */ = {isa = PBXBuildFile; fileRef = 949149E81EC42A23002B5D00 /* AppDelegate.swift */; };
		949149EB1EC42A23002B5D00 /* MemeEditorViewController.swift in Sources */ = {isa = PBXBuildFile; fileRef = 949149EA1EC42A23002B5D00 /* MemeEditorViewController.swift */; };
		949149EE1EC42A23002B5D00 /* Main.storyboard in Resources */ = {isa = PBXBuildFile; fileRef = 949149EC1EC42A23002B5D00 /* Main.storyboard */; };
		949149F01EC42A23002B5D00 /* Assets.xcassets in Resources */ = {isa = PBXBuildFile; fileRef = 949149EF1EC42A23002B5D00 /* Assets.xcassets */; };
		949149F31EC42A23002B5D00 /* LaunchScreen.storyboard in Resources */ = {isa = PBXBuildFile; fileRef = 949149F11EC42A23002B5D00 /* LaunchScreen.storyboard */; };
/* End PBXBuildFile section */

/* Begin PBXFileReference section */
		942F23431ED06BE5007EB08E /* ModelStructure.swift */ = {isa = PBXFileReference; fileEncoding = 4; lastKnownFileType = sourcecode.swift; path = ModelStructure.swift; sourceTree = "<group>"; };
		94632B311ECE2680003D4A74 /* Notifications.swift */ = {isa = PBXFileReference; fileEncoding = 4; lastKnownFileType = sourcecode.swift; path = Notifications.swift; sourceTree = "<group>"; };
		949149E51EC42A23002B5D00 /* MemeV1.app */ = {isa = PBXFileReference; explicitFileType = wrapper.application; includeInIndex = 0; path = MemeV1.app; sourceTree = BUILT_PRODUCTS_DIR; };
		949149E81EC42A23002B5D00 /* AppDelegate.swift */ = {isa = PBXFileReference; lastKnownFileType = sourcecode.swift; path = AppDelegate.swift; sourceTree = "<group>"; };
		949149EA1EC42A23002B5D00 /* MemeEditorViewController.swift */ = {isa = PBXFileReference; lastKnownFileType = sourcecode.swift; path = MemeEditorViewController.swift; sourceTree = "<group>"; };
		949149ED1EC42A23002B5D00 /* Base */ = {isa = PBXFileReference; lastKnownFileType = file.storyboard; name = Base; path = Base.lproj/Main.storyboard; sourceTree = "<group>"; };
		949149EF1EC42A23002B5D00 /* Assets.xcassets */ = {isa = PBXFileReference; lastKnownFileType = folder.assetcatalog; path = Assets.xcassets; sourceTree = "<group>"; };
		949149F21EC42A23002B5D00 /* Base */ = {isa = PBXFileReference; lastKnownFileType = file.storyboard; name = Base; path = Base.lproj/LaunchScreen.storyboard; sourceTree = "<group>"; };
		949149F41EC42A23002B5D00 /* Info.plist */ = {isa = PBXFileReference; lastKnownFileType = text.plist.xml; path = Info.plist; sourceTree = "<group>"; };
/* End PBXFileReference section */

/* Begin PBXFrameworksBuildPhase section */
		949149E21EC42A23002B5D00 /* Frameworks */ = {
			isa = PBXFrameworksBuildPhase;
			buildActionMask = 2147483647;
			files = (
			);
			runOnlyForDeploymentPostprocessing = 0;
		};
/* End PBXFrameworksBuildPhase section */

/* Begin PBXGroup section */
		949149DC1EC42A23002B5D00 = {
			isa = PBXGroup;
			children = (
				949149E71EC42A23002B5D00 /* MemeV1 */,
				949149E61EC42A23002B5D00 /* Products */,
			);
			sourceTree = "<group>";
		};
		949149E61EC42A23002B5D00 /* Products */ = {
			isa = PBXGroup;
			children = (
				949149E51EC42A23002B5D00 /* MemeV1.app */,
			);
			name = Products;
			sourceTree = "<group>";
		};
		949149E71EC42A23002B5D00 /* MemeV1 */ = {
			isa = PBXGroup;
			children = (
				949149E81EC42A23002B5D00 /* AppDelegate.swift */,
				949149EA1EC42A23002B5D00 /* MemeEditorViewController.swift */,
				949149EC1EC42A23002B5D00 /* Main.storyboard */,
				949149EF1EC42A23002B5D00 /* Assets.xcassets */,
				949149F11EC42A23002B5D00 /* LaunchScreen.storyboard */,
				949149F41EC42A23002B5D00 /* Info.plist */,
				94632B311ECE2680003D4A74 /* Notifications.swift */,
				942F23431ED06BE5007EB08E /* ModelStructure.swift */,
			);
			path = MemeV1;
			sourceTree = "<group>";
		};
/* End PBXGroup section */

/* Begin PBXNativeTarget section */
		949149E41EC42A23002B5D00 /* MemeV1 */ = {
			isa = PBXNativeTarget;
			buildConfigurationList = 949149F71EC42A23002B5D00 /* Build configuration list for PBXNativeTarget "MemeV1" */;
			buildPhases = (
				949149E11EC42A23002B5D00 /* Sources */,
				949149E21EC42A23002B5D00 /* Frameworks */,
				949149E31EC42A23002B5D00 /* Resources */,
			);
			buildRules = (
			);
			dependencies = (
			);
			name = MemeV1;
			productName = MemeV1;
			productReference = 949149E51EC42A23002B5D00 /* MemeV1.app */;
			productType = "com.apple.product-type.application";
		};
/* End PBXNativeTarget section */

/* Begin PBXProject section */
		949149DD1EC42A23002B5D00 /* Project object */ = {
			isa = PBXProject;
			attributes = {
				LastSwiftUpdateCheck = 0820;
				LastUpgradeCheck = 0820;
				ORGANIZATIONNAME = "Divya Kabra";
				TargetAttributes = {
					949149E41EC42A23002B5D00 = {
						CreatedOnToolsVersion = 8.2.1;
						DevelopmentTeam = M5T2EB9A45;
						ProvisioningStyle = Automatic;
					};
				};
			};
			buildConfigurationList = 949149E01EC42A23002B5D00 /* Build configuration list for PBXProject "MemeV1" */;
			compatibilityVersion = "Xcode 3.2";
			developmentRegion = English;
			hasScannedForEncodings = 0;
			knownRegions = (
				en,
				Base,
			);
			mainGroup = 949149DC1EC42A23002B5D00;
			productRefGroup = 949149E61EC42A23002B5D00 /* Products */;
			projectDirPath = "";
			projectRoot = "";
			targets = (
				949149E41EC42A23002B5D00 /* MemeV1 */,
			);
		};
/* End PBXProject section */

/* Begin PBXResourcesBuildPhase section */
		949149E31EC42A23002B5D00 /* Resources */ = {
			isa = PBXResourcesBuildPhase;
			buildActionMask = 2147483647;
			files = (
				949149F31EC42A23002B5D00 /* LaunchScreen.storyboard in Resources */,
				949149F01EC42A23002B5D00 /* Assets.xcassets in Resources */,
				949149EE1EC42A23002B5D00 /* Main.storyboard in Resources */,
			);
			runOnlyForDeploymentPostprocessing = 0;
		};
/* End PBXResourcesBuildPhase section */

/* Begin PBXSourcesBuildPhase section */
		949149E11EC42A23002B5D00 /* Sources */ = {
			isa = PBXSourcesBuildPhase;
			buildActionMask = 2147483647;
			files = (
				94632B321ECE2680003D4A74 /* Notifications.swift in Sources */,
				942F23441ED06BE5007EB08E /* ModelStructure.swift in Sources */,
				949149EB1EC42A23002B5D00 /* MemeEditorViewController.swift in Sources */,
				949149E91EC42A23002B5D00 /* AppDelegate.swift in Sources */,
			);
			runOnlyForDeploymentPostprocessing = 0;
		};
/* End PBXSourcesBuildPhase section */

/* Begin PBXVariantGroup section */
		949149EC1EC42A23002B5D00 /* Main.storyboard */ = {
			isa = PBXVariantGroup;
			children = (
				949149ED1EC42A23002B5D00 /* Base */,
			);
			name = Main.storyboard;
			sourceTree = "<group>";
		};
		949149F11EC42A23002B5D00 /* LaunchScreen.storyboard */ = {
			isa = PBXVariantGroup;
			children = (
				949149F21EC42A23002B5D00 /* Base */,
			);
			name = LaunchScreen.storyboard;
			sourceTree = "<group>";
		};
/* End PBXVariantGroup section */

/* Begin XCBuildConfiguration section */
		949149F51EC42A23002B5D00 /* Debug */ = {
			isa = XCBuildConfiguration;
			buildSettings = {
				ALWAYS_SEARCH_USER_PATHS = NO;
				CLANG_ANALYZER_NONNULL = YES;
				CLANG_CXX_LANGUAGE_STANDARD = "gnu++0x";
				CLANG_CXX_LIBRARY = "libc++";
				CLANG_ENABLE_MODULES = YES;
				CLANG_ENABLE_OBJC_ARC = YES;
				CLANG_WARN_BOOL_CONVERSION = YES;
				CLANG_WARN_CONSTANT_CONVERSION = YES;
				CLANG_WARN_DIRECT_OBJC_ISA_USAGE = YES_ERROR;
				CLANG_WARN_DOCUMENTATION_COMMENTS = YES;
				CLANG_WARN_EMPTY_BODY = YES;
				CLANG_WARN_ENUM_CONVERSION = YES;
				CLANG_WARN_INFINITE_RECURSION = YES;
				CLANG_WARN_INT_CONVERSION = YES;
				CLANG_WARN_OBJC_ROOT_CLASS = YES_ERROR;
				CLANG_WARN_SUSPICIOUS_MOVE = YES;
				CLANG_WARN_UNREACHABLE_CODE = YES;
				CLANG_WARN__DUPLICATE_METHOD_MATCH = YES;
				"CODE_SIGN_IDENTITY[sdk=iphoneos*]" = "iPhone Developer";
				COPY_PHASE_STRIP = NO;
				DEBUG_INFORMATION_FORMAT = dwarf;
				ENABLE_STRICT_OBJC_MSGSEND = YES;
				ENABLE_TESTABILITY = YES;
				GCC_C_LANGUAGE_STANDARD = gnu99;
				GCC_DYNAMIC_NO_PIC = NO;
				GCC_NO_COMMON_BLOCKS = YES;
				GCC_OPTIMIZATION_LEVEL = 0;
				GCC_PREPROCESSOR_DEFINITIONS = (
					"DEBUG=1",
					"$(inherited)",
				);
				GCC_WARN_64_TO_32_BIT_CONVERSION = YES;
				GCC_WARN_ABOUT_RETURN_TYPE = YES_ERROR;
				GCC_WARN_UNDECLARED_SELECTOR = YES;
				GCC_WARN_UNINITIALIZED_AUTOS = YES_AGGRESSIVE;
				GCC_WARN_UNUSED_FUNCTION = YES;
				GCC_WARN_UNUSED_VARIABLE = YES;
				IPHONEOS_DEPLOYMENT_TARGET = 10.2;
				MTL_ENABLE_DEBUG_INFO = YES;
				ONLY_ACTIVE_ARCH = YES;
				SDKROOT = iphoneos;
				SWIFT_ACTIVE_COMPILATION_CONDITIONS = DEBUG;
				SWIFT_OPTIMIZATION_LEVEL = "-Onone";
				TARGETED_DEVICE_FAMILY = "1,2";
			};
			name = Debug;
		};
		949149F61EC42A23002B5D00 /* Release */ = {
			isa = XCBuildConfiguration;
			buildSettings = {
				ALWAYS_SEARCH_USER_PATHS = NO;
				CLANG_ANALYZER_NONNULL = YES;
				CLANG_CXX_LANGUAGE_STANDARD = "gnu++0x";
				CLANG_CXX_LIBRARY = "libc++";
				CLANG_ENABLE_MODULES = YES;
				CLANG_ENABLE_OBJC_ARC = YES;
				CLANG_WARN_BOOL_CONVERSION = YES;
				CLANG_WARN_CONSTANT_CONVERSION = YES;
				CLANG_WARN_DIRECT_OBJC_ISA_USAGE = YES_ERROR;
				CLANG_WARN_DOCUMENTATION_COMMENTS = YES;
				CLANG_WARN_EMPTY_BODY = YES;
				CLANG_WARN_ENUM_CONVERSION = YES;
				CLANG_WARN_INFINITE_RECURSION = YES;
				CLANG_WARN_INT_CONVERSION = YES;
				CLANG_WARN_OBJC_ROOT_CLASS = YES_ERROR;
				CLANG_WARN_SUSPICIOUS_MOVE = YES;
				CLANG_WARN_UNREACHABLE_CODE = YES;
				CLANG_WARN__DUPLICATE_METHOD_MATCH = YES;
				"CODE_SIGN_IDENTITY[sdk=iphoneos*]" = "iPhone Developer";
				COPY_PHASE_STRIP = NO;
				DEBUG_INFORMATION_FORMAT = "dwarf-with-dsym";
				ENABLE_NS_ASSERTIONS = NO;
				ENABLE_STRICT_OBJC_MSGSEND = YES;
				GCC_C_LANGUAGE_STANDARD = gnu99;
				GCC_NO_COMMON_BLOCKS = YES;
				GCC_WARN_64_TO_32_BIT_CONVERSION = YES;
				GCC_WARN_ABOUT_RETURN_TYPE = YES_ERROR;
				GCC_WARN_UNDECLARED_SELECTOR = YES;
				GCC_WARN_UNINITIALIZED_AUTOS = YES_AGGRESSIVE;
				GCC_WARN_UNUSED_FUNCTION = YES;
				GCC_WARN_UNUSED_VARIABLE = YES;
				IPHONEOS_DEPLOYMENT_TARGET = 10.2;
				MTL_ENABLE_DEBUG_INFO = NO;
				SDKROOT = iphoneos;
				SWIFT_OPTIMIZATION_LEVEL = "-Owholemodule";
				TARGETED_DEVICE_FAMILY = "1,2";
				VALIDATE_PRODUCT = YES;
			};
			name = Release;
		};
		949149F81EC42A23002B5D00 /* Debug */ = {
			isa = XCBuildConfiguration;
			buildSettings = {
				ASSETCATALOG_COMPILER_APPICON_NAME = AppIcon;
				DEVELOPMENT_TEAM = M5T2EB9A45;
				INFOPLIST_FILE = MemeV1/Info.plist;
				LD_RUNPATH_SEARCH_PATHS = "$(inherited) @executable_path/Frameworks";
				PRODUCT_BUNDLE_IDENTIFIER = "com.DivyaKabra.Meme-n-play";
				PRODUCT_NAME = "$(TARGET_NAME)";
				SWIFT_VERSION = 3.0;
			};
			name = Debug;
		};
		949149F91EC42A23002B5D00 /* Release */ = {
			isa = XCBuildConfiguration;
			buildSettings = {
				ASSETCATALOG_COMPILER_APPICON_NAME = AppIcon;
				DEVELOPMENT_TEAM = M5T2EB9A45;
				INFOPLIST_FILE = MemeV1/Info.plist;
				LD_RUNPATH_SEARCH_PATHS = "$(inherited) @executable_path/Frameworks";
				PRODUCT_BUNDLE_IDENTIFIER = "com.DivyaKabra.Meme-n-play";
				PRODUCT_NAME = "$(TARGET_NAME)";
				SWIFT_VERSION = 3.0;
			};
			name = Release;
		};
/* End XCBuildConfiguration section */

/* Begin XCConfigurationList section */
		949149E01EC42A23002B5D00 /* Build configuration list for PBXProject "MemeV1" */ = {
			isa = XCConfigurationList;
			buildConfigurations = (
				949149F51EC42A23002B5D00 /* Debug */,
				949149F61EC42A23002B5D00 /* Release */,
			);
			defaultConfigurationIsVisible = 0;
			defaultConfigurationName = Release;
		};
		949149F71EC42A23002B5D00 /* Build configuration list for PBXNativeTarget "MemeV1" */ = {
			isa = XCConfigurationList;
			buildConfigurations = (
				949149F81EC42A23002B5D00 /* Debug */,
				949149F91EC42A23002B5D00 /* Release */,
			);
			defaultConfigurationIsVisible = 0;
			defaultConfigurationName = Release;
		};
/* End XCConfigurationList section */
	};
	rootObject = 949149DD1EC42A23002B5D00 /* Project object */;
}
